{
  "name": "send",
  "version": "1.0.0",
  "lockfileVersion": 1,
  "requires": true,
  "dependencies": {
    "amqp10": {
      "version": "3.6.0",
      "resolved": "http://registry.npm.taobao.org/amqp10/download/amqp10-3.6.0.tgz",
      "integrity": "sha1-gXJnagHBxuWWirqLH9/+yzQ1d1w=",
      "requires": {
        "bl": "1.2.2",
        "bluebird": "3.5.1",
        "buffer-builder": "0.2.0",
        "debug": "2.6.9",
        "lodash": "4.17.10",
        "node-int64": "0.4.0",
        "stately.js": "1.3.0"
      },
      "dependencies": {
        "debug": {
          "version": "2.6.9",
          "resolved": "http://registry.npm.taobao.org/debug/download/debug-2.6.9.tgz",
          "integrity": "sha1-XRKFFd8TT/Mn6QpMk/Tgd6U2NB8=",
          "requires": {
            "ms": "2.0.0"
          }
        }
      }
    },
    "amqp10-transport-ws": {
      "version": "0.0.5",
      "resolved": "http://registry.npm.taobao.org/amqp10-transport-ws/download/amqp10-transport-ws-0.0.5.tgz",
      "integrity": "sha1-sPgnwkrU4YFSi8uy3s63H0oTKZk=",
      "requires": {
        "nodejs-websocket": "1.7.1"
      }
    },
    "async": {
      "version": "2.6.1",
      "resolved": "http://registry.npm.taobao.org/async/download/async-2.6.1.tgz",
      "integrity": "sha1-skWiPKcZMAROxT+kaqAKPofGphA=",
      "requires": {
        "lodash": "4.17.10"
      }
    },
    "azure-iot-amqp-base": {
      "version": "1.7.1",
      "resolved": "http://registry.npm.taobao.org/azure-iot-amqp-base/download/azure-iot-amqp-base-1.7.1.tgz",
      "integrity": "sha1-KMpdiIdQKkMBLlhMquIW9k/t/qE=",
      "requires": {
        "amqp10": "3.6.0",
        "amqp10-transport-ws": "0.0.5",
        "async": "2.6.1",
        "azure-iot-common": "1.7.1",
        "bluebird": "3.5.1",
        "debug": "3.1.0",
        "lodash.merge": "4.6.1",
        "machina": "2.0.2",
        "uuid": "3.3.2"
      }
    },
    "azure-iot-common": {
      "version": "1.7.1",
      "resolved": "http://registry.npm.taobao.org/azure-iot-common/download/azure-iot-common-1.7.1.tgz",
      "integrity": "sha1-CHqNDy3q0Pazk/wS9qSqbZDIfV4=",
      "requires": {
        "getos": "3.1.0"
      }
    },
    "azure-iot-http-base": {
      "version": "1.7.1",
      "resolved": "http://registry.npm.taobao.org/azure-iot-http-base/download/azure-iot-http-base-1.7.1.tgz",
      "integrity": "sha1-mKObqgQJkLPLH/AG/GVUSAsJbXg=",
      "requires": {
        "azure-iot-common": "1.7.1",
        "debug": "3.1.0",
        "uuid": "3.3.2"
      }
    },
    "azure-iothub": {
      "version": "1.7.1",
      "resolved": "http://registry.npm.taobao.org/azure-iothub/download/azure-iothub-1.7.1.tgz",
      "integrity": "sha1-we4ObnrXk7CZAhWjkPJDJ+nHUwY=",
      "requires": {
        "async": "2.6.1",
        "azure-iot-amqp-base": "1.7.1",
        "azure-iot-common": "1.7.1",
        "azure-iot-http-base": "1.7.1",
        "debug": "3.1.0",
        "lodash": "4.17.10",
        "machina": "2.0.2"
      }
    },
    "bl": {
      "version": "1.2.2",
      "resolved": "http://registry.npm.taobao.org/bl/download/bl-1.2.2.tgz",
      "integrity": "sha1-oWCRFxcQPAdBDO9j71Gzl8Alr5w=",
      "requires": {
        "readable-stream": "2.3.6",
        "safe-buffer": "5.1.2"
      }
    },
    "bluebird": {
      "version": "3.5.1",
      "resolved": "http://registry.npm.taobao.org/bluebird/download/bluebird-3.5.1.tgz",
      "integrity": "sha1-2VUfnemPH82h5oPRfukaBgLuLrk="
    },
    "buffer-builder": {
      "version": "0.2.0",
      "resolved": "http://registry.npm.taobao.org/buffer-builder/download/buffer-builder-0.2.0.tgz",
      "integrity": "sha1-MyLNMH2Cltqx9gRhhZOyYaP63o8="
    },
    "core-util-is": {
      "version": "1.0.2",
      "resolved": "http://registry.npm.taobao.org/core-util-is/download/core-util-is-1.0.2.tgz",
      "integrity": "sha1-tf1UIgqivFq1eqtxQMlAdUUDwac="
    },
    "debug": {
      "version": "3.1.0",
      "resolved": "http://registry.npm.taobao.org/debug/download/debug-3.1.0.tgz",
      "integrity": "sha1-W7WgZyYotkFJVmuhaBnmFRjGcmE=",
      "requires": {
        "ms": "2.0.0"
      }
    },
    "getos": {
      "version": "3.1.0",
      "resolved": "http://registry.npm.taobao.org/getos/download/getos-3.1.0.tgz",
      "integrity": "sha1-2zqk3xWjKVVXzl6Bqp4+XN+qZWc=",
      "requires": {
        "async": "2.4.0"
      },
      "dependencies": {
        "async": {
          "version": "2.4.0",
          "resolved": "http://registry.npm.taobao.org/async/download/async-2.4.0.tgz",
          "integrity": "sha1-SZAgDxjqW4N8LMT4wDGmmFw4VhE=",
          "requires": {
            "lodash": "4.17.10"
          }
        }
      }
    },
    "inherits": {
      "version": "2.0.3",
      "resolved": "http://registry.npm.taobao.org/inherits/download/inherits-2.0.3.tgz",
      "integrity": "sha1-Yzwsg+PaQqUC9SRmAiSA9CCCYd4="
    },
    "isarray": {
      "version": "1.0.0",
      "resolved": "http://registry.npm.taobao.org/isarray/download/isarray-1.0.0.tgz",
      "integrity": "sha1-u5NdSFgsuhaMBoNJV6VKPgcSTxE="
    },
    "lodash": {
      "version": "4.17.10",
      "resolved": "http://registry.npm.taobao.org/lodash/download/lodash-4.17.10.tgz",
      "integrity": "sha1-G3eTz3JZ6jj7NmHU04syYK+K5Oc="
    },
    "lodash.merge": {
      "version": "4.6.1",
      "resolved": "http://registry.npm.taobao.org/lodash.merge/download/lodash.merge-4.6.1.tgz",
      "integrity": "sha1-rcJdnLmbk5HFliTzefu6YNcRHVQ="
    },
    "machina": {
      "version": "2.0.2",
      "resolved": "http://registry.npm.taobao.org/machina/download/machina-2.0.2.tgz",
      "integrity": "sha1-qhelEpOrsCMT2k5hIPI00+rb9lA=",
      "requires": {
        "lodash": "3.10.1"
      },
      "dependencies": {
        "lodash": {
          "version": "3.10.1",
          "resolved": "http://registry.npm.taobao.org/lodash/download/lodash-3.10.1.tgz",
          "integrity": "sha1-W/Rejkm6QYnhfUgnid/RW9FAt7Y="
        }
      }
    },
    "ms": {
      "version": "2.0.0",
      "resolved": "http://registry.npm.taobao.org/ms/download/ms-2.0.0.tgz",
      "integrity": "sha1-VgiurfwAvmwpAd9fmGF4jeDVl8g="
    },
    "node-int64": {
      "version": "0.4.0",
      "resolved": "http://registry.npm.taobao.org/node-int64/download/node-int64-0.4.0.tgz",
      "integrity": "sha1-h6kGXNs1XTGC2PlM4RGIuCXGijs="
    },
    "nodejs-websocket": {
      "version": "1.7.1",
      "resolved": "http://registry.npm.taobao.org/nodejs-websocket/download/nodejs-websocket-1.7.1.tgz",
      "integrity": "sha1-zM+7qCO/HPqWgPFoq3q1MSHkhBA="
    },
    "process-nextick-args": {
      "version": "2.0.0",
      "resolved": "http://registry.npm.taobao.org/process-nextick-args/download/process-nextick-args-2.0.0.tgz",
      "integrity": "sha1-o31zL0JxtKsa0HDTVQjoKQeI/6o="
    },
    "readable-stream": {
      "version": "2.3.6",
      "resolved": "http://registry.npm.taobao.org/readable-stream/download/readable-stream-2.3.6.tgz",
      "integrity": "sha1-sRwn2IuP8fvgcGQ8+UsMea4bCq8=",
      "requires": {
        "core-util-is": "1.0.2",
        "inherits": "2.0.3",
        "isarray": "1.0.0",
        "process-nextick-args": "2.0.0",
        "safe-buffer": "5.1.2",
        "string_decoder": "1.1.1",
        "util-deprecate": "1.0.2"
      }
    },
    "safe-buffer": {
      "version": "5.1.2",
      "resolved": "http://registry.npm.taobao.org/safe-buffer/download/safe-buffer-5.1.2.tgz",
      "integrity": "sha1-mR7GnSluAxN0fVm9/St0XDX4go0="
    },
    "stately.js": {
      "version": "1.3.0",
      "resolved": "http://registry.npm.taobao.org/stately.js/download/stately.js-1.3.0.tgz",
      "integrity": "sha1-UtDRwVKgaaZ8sUUDrF3c24vh13c="
    },
    "string_decoder": {
      "version": "1.1.1",
      "resolved": "http://registry.npm.taobao.org/string_decoder/download/string_decoder-1.1.1.tgz",
      "integrity": "sha1-nPFhG6YmhdcDCunkujQUnDrwP8g=",
      "requires": {
        "safe-buffer": "5.1.2"
      }
    },
    "util-deprecate": {
      "version": "1.0.2",
      "resolved": "http://registry.npm.taobao.org/util-deprecate/download/util-deprecate-1.0.2.tgz",
      "integrity": "sha1-RQ1Nyfpw3nMnYvvS1KKJgUGaDM8="
    },
    "uuid": {
      "version": "3.3.2",
      "resolved": "http://registry.npm.taobao.org/uuid/download/uuid-3.3.2.tgz",
      "integrity": "sha1-G0r0lV6zB3xQHCOHL8ZROBFYcTE="
    }
  }
}
